// !$*UTF8*$!
{
	archiveVersion = 1;
	classes = {
	};
	objectVersion = 77;
	objects = {

/* Begin PBXBuildFile section */
		5FAA0004A0B0C0D0E0F00004 /* SDMCore in Frameworks */ = {isa = PBXBuildFile; productRef = 5FAA0002A0B0C0D0E0F00002 /* SDMCore */; };
		5FAA0005A0B0C0D0E0F00005 /* SDMEngine in Frameworks */ = {isa = PBXBuildFile; productRef = 5FAA0003A0B0C0D0E0F00003 /* SDMEngine */; };
/* End PBXBuildFile section */

/* Begin PBXContainerItemProxy section */
		5F02DD013020DAA3009E61DC /* PBXContainerItemProxy */ = {
			isa = PBXContainerItemProxy;
			containerPortal = 5F02DCE93020DAA0009E61DC /* Project object */;
			proxyType = 1;
			remoteGlobalIDString = 5F02DCF03020DAA0009E61DC;
			remoteInfo = SDM;
		};
		5F02DD0B3020DAA3009E61DC /* PBXContainerItemProxy */ = {
			isa = PBXContainerItemProxy;
			containerPortal = 5F02DCE93020DAA0009E61DC /* Project object */;
			proxyType = 1;
			remoteGlobalIDString = 5F02DCF03020DAA0009E61DC;
			remoteInfo = SDM;
		};
/* End PBXContainerItemProxy section */

/* Begin PBXFileReference section */
		5F02DCF13020DAA0009E61DC /* SDM.app */ = {isa = PBXFileReference; explicitFileType = wrapper.application; includeInIndex = 0; path = SDM.app; sourceTree = BUILT_PRODUCTS_DIR; };
		5F02DD003020DAA3009E61DC /* SDMTests.xctest */ = {isa = PBXFileReference; explicitFileType = wrapper.cfbundle; includeInIndex = 0; path = SDMTests.xctest; sourceTree = BUILT_PRODUCTS_DIR; };
		5F02DD0A3020DAA3009E61DC /* SDMUITests.xctest */ = {isa = PBXFileReference; explicitFileType = wrapper.cfbundle; includeInIndex = 0; path = SDMUITests.xctest; sourceTree = BUILT_PRODUCTS_DIR; };
/* End PBXFileReference section */

/* Begin PBXFileSystemSynchronizedRootGroup section */
		5F02DCF33020DAA0009E61DC /* SDM */ = {
			isa = PBXFileSystemSynchronizedRootGroup;
			path = SDM;
			sourceTree = "<group>";
		};
		5F02DD033020DAA3009E61DC /* SDMTests */ = {
			isa = PBXFileSystemSynchronizedRootGroup;
			path = SDMTests;
			sourceTree = "<group>";
		};
		5F02DD0D3020DAA3009E61DC /* SDMUITests */ = {
			isa = PBXFileSystemSynchronizedRootGroup;
			path = SDMUITests;
			sourceTree = "<group>";
		};
/* End PBXFileSystemSynchronizedRootGroup section */

/* Begin PBXFrameworksBuildPhase section */
		5F02DCEE3020DAA0009E61DC /* Frameworks */ = {
			isa = PBXFrameworksBuildPhase;
			buildActionMask = 2147483647;
			files = (
				5FAA0004A0B0C0D0E0F00004 /* SDMCore in Frameworks */,
				5FAA0005A0B0C0D0E0F00005 /* SDMEngine in Frameworks */,
			);
			runOnlyForDeploymentPostprocessing = 0;
		};
		5F02DCFD3020DAA3009E61DC /* Frameworks */ = {
			isa = PBXFrameworksBuildPhase;
			buildActionMask = 2147483647;
			files = (
			);
			runOnlyForDeploymentPostprocessing = 0;
		};
		5F02DD073020DAA3009E61DC /* Frameworks */ = {
			isa = PBXFrameworksBuildPhase;
			buildActionMask = 2147483647;
			files = (
			);
			runOnlyForDeploymentPostprocessing = 0;
		};
/* End PBXFrameworksBuildPhase section */

/* Begin PBXGroup section */
		5F02DCE83020DAA0009E61DC = {
			isa = PBXGroup;
			children = (
				5F02DCF33020DAA0009E61DC /* SDM */,
				5F02DD033020DAA3009E61DC /* SDMTests */,
				5F02DD0D3020DAA3009E61DC /* SDMUITests */,
				5F02DCF23020DAA0009E61DC /* Products */,
			);
			sourceTree = "<group>";
		};
		5F02DCF23020DAA0009E61DC /* Products */ = {
			isa = PBXGroup;
			children = (
				5F02DCF13020DAA0009E61DC /* SDM.app */,
				5F02DD003020DAA3009E61DC /* SDMTests.xctest */,
				5F02DD0A3020DAA3009E61DC /* SDMUITests.xctest */,
			);
			name = Products;
			sourceTree = "<group>";
		};
/* End PBXGroup section */

/* Begin PBXNativeTarget section */
		5F02DCF03020DAA0009E61DC /* SDM */ = {
			isa = PBXNativeTarget;
			buildConfigurationList = 5F02DD143020DAA3009E61DC /* Build configuration list for PBXNativeTarget "SDM" */;
			buildPhases = (
				5F02DCED3020DAA0009E61DC /* Sources */,
				5F02DCEE3020DAA0009E61DC /* Frameworks */,
				5F02DCEF3020DAA0009E61DC /* Resources */,
			);
			buildRules = (
			);
			dependencies = (
			);
			fileSystemSynchronizedGroups = (
				5F02DCF33020DAA0009E61DC /* SDM */,
			);
			name = SDM;
			packageProductDependencies = (
				5FAA0002A0B0C0D0E0F00002 /* SDMCore */,
				5FAA0003A0B0C0D0E0F00003 /* SDMEngine */,
			);
			productName = SDM;
			productReference = 5F02DCF13020DAA0009E61DC /* SDM.app */;
			productType = "com.apple.product-type.application";
		};
		5F02DCFF3020DAA3009E61DC /* SDMTests */ = {
			isa = PBXNativeTarget;
			buildConfigurationList = 5F02DD173020DAA3009E61DC /* Build configuration list for PBXNativeTarget "SDMTests" */;
			buildPhases = (
				5F02DCFC3020DAA3009E61DC /* Sources */,
				5F02DCFD3020DAA3009E61DC /* Frameworks */,
				5F02DCFE3020DAA3009E61DC /* Resources */,
			);
			buildRules = (
			);
			dependencies = (
				5F02DD023020DAA3009E61DC /* PBXTargetDependency */,
			);
			fileSystemSynchronizedGroups = (
				5F02DD033020DAA3009E61DC /* SDMTests */,
			);
			name = SDMTests;
			packageProductDependencies = (
			);
			productName = SDMTests;
			productReference = 5F02DD003020DAA3009E61DC /* SDMTests.xctest */;
			productType = "com.apple.product-type.bundle.unit-test";
		};
		5F02DD093020DAA3009E61DC /* SDMUITests */ = {
			isa = PBXNativeTarget;
			buildConfigurationList = 5F02DD1A3020DAA3009E61DC /* Build configuration list for PBXNativeTarget "SDMUITests" */;
			buildPhases = (
				5F02DD063020DAA3009E61DC /* Sources */,
				5F02DD073020DAA3009E61DC /* Frameworks */,
				5F02DD083020DAA3009E61DC /* Resources */,
			);
			buildRules = (
			);
			dependencies = (
				5F02DD0C3020DAA3009E61DC /* PBXTargetDependency */,
			);
			fileSystemSynchronizedGroups = (
				5F02DD0D3020DAA3009E61DC /* SDMUITests */,
			);
			name = SDMUITests;
			packageProductDependencies = (
			);
			productName = SDMUITests;
			productReference = 5F02DD0A3020DAA3009E61DC /* SDMUITests.xctest */;
			productType = "com.apple.product-type.bundle.ui-testing";
		};
/* End PBXNativeTarget section */

/* Begin PBXProject section */
		5F02DCE93020DAA0009E61DC /* Project object */ = {
			isa = PBXProject;
			attributes = {
				BuildIndependentTargetsInParallel = 1;
				LastSwiftUpdateCheck = 2600;
				LastUpgradeCheck = 2600;
				TargetAttributes = {
					5F02DCF03020DAA0009E61DC = {
						CreatedOnToolsVersion = 26.0.1;
					};
					5F02DCFF3020DAA3009E61DC = {
						CreatedOnToolsVersion = 26.0.1;
						TestTargetID = 5F02DCF03020DAA0009E61DC;
					};
					5F02DD093020DAA3009E61DC = {
						CreatedOnToolsVersion = 26.0.1;
						TestTargetID = 5F02DCF03020DAA0009E61DC;
					};
				};
			};
			buildConfigurationList = 5F02DCEC3020DAA0009E61DC /* Build configuration list for PBXProject "SDM" */;
			developmentRegion = en;
			hasScannedForEncodings = 0;
			knownRegions = (
				en,
				Base,
			);
			mainGroup = 5F02DCE83020DAA0009E61DC;
			minimizedProjectReferenceProxies = 1;
			packageReferences = (
				5FAA0001A0B0C0D0E0F00001 /* XCLocalSwiftPackageReference "SDMKit" */,
			);
			preferredProjectObjectVersion = 77;
			productRefGroup = 5F02DCF23020DAA0009E61DC /* Products */;
			projectDirPath = "";
			projectRoot = "";
			targets = (
				5F02DCF03020DAA0009E61DC /* SDM */,
				5F02DCFF3020DAA3009E61DC /* SDMTests */,
				5F02DD093020DAA3009E61DC /* SDMUITests */,
			);
		};
/* End PBXProject section */

/* Begin PBXResourcesBuildPhase section */
		5F02DCEF3020DAA0009E61DC /* Resources */ = {
			isa = PBXResourcesBuildPhase;
			buildActionMask = 2147483647;
			files = (
			);
			runOnlyForDeploymentPostprocessing = 0;
		};
		5F02DCFE3020DAA3009E61DC /* Resources */ = {
			isa = PBXResourcesBuildPhase;
			buildActionMask = 2147483647;
			files = (
			);
			runOnlyForDeploymentPostprocessing = 0;
		};
		5F02DD083020DAA3009E61DC /* Resources */ = {
			isa = PBXResourcesBuildPhase;
			buildActionMask = 2147483647;
			files = (
			);
			runOnlyForDeploymentPostprocessing = 0;
		};
/* End PBXResourcesBuildPhase section */

/* Begin PBXSourcesBuildPhase section */
		5F02DCED3020DAA0009E61DC /* Sources */ = {
			isa = PBXSourcesBuildPhase;
			buildActionMask = 2147483647;
			files = (
			);
			runOnlyForDeploymentPostprocessing = 0;
		};
		5F02DCFC3020DAA3009E61DC /* Sources */ = {
			isa = PBXSourcesBuildPhase;
			buildActionMask = 2147483647;
			files = (
			);
			runOnlyForDeploymentPostprocessing = 0;
		};
		5F02DD063020DAA3009E61DC /* Sources */ = {
			isa = PBXSourcesBuildPhase;
			buildActionMask = 2147483647;
			files = (
			);
			runOnlyForDeploymentPostprocessing = 0;
		};
/* End PBXSourcesBuildPhase section */

/* Begin PBXTargetDependency section */
		5F02DD023020DAA3009E61DC /* PBXTargetDependency */ = {
			isa = PBXTargetDependency;
			target = 5F02DCF03020DAA0009E61DC /* SDM */;
			targetProxy = 5F02DD013020DAA3009E61DC /* PBXContainerItemProxy */;
		};
		5F02DD0C3020DAA3009E61DC /* PBXTargetDependency */ = {
			isa = PBXTargetDependency;
			target = 5F02DCF03020DAA0009E61DC /* SDM */;
			targetProxy = 5F02DD0B3020DAA3009E61DC /* PBXContainerItemProxy */;
		};
/* End PBXTargetDependency section */

/* Begin XCBuildConfiguration section */
		5F02DD123020DAA3009E61DC /* Debug */ = {
			isa = XCBuildConfiguration;
			buildSettings = {
				ALWAYS_SEARCH_USER_PATHS = NO;
				ASSETCATALOG_COMPILER_GENERATE_SWIFT_ASSET_SYMBOL_EXTENSIONS = YES;
				CLANG_ANALYZER_NONNULL = YES;
				CLANG_ANALYZER_NUMBER_OBJECT_CONVERSION = YES_AGGRESSIVE;
				CLANG_CXX_LANGUAGE_STANDARD = "gnu++20";
				CLANG_ENABLE_MODULES = YES;
				CLANG_ENABLE_OBJC_ARC = YES;
				CLANG_ENABLE_OBJC_WEAK = YES;
				CLANG_WARN_BLOCK_CAPTURE_AUTORELEASING = YES;
				CLANG_WARN_BOOL_CONVERSION = YES;
				CLANG_WARN_COMMA = YES;
				CLANG_WARN_CONSTANT_CONVERSION = YES;
				CLANG_WARN_DEPRECATED_OBJC_IMPLEMENTATIONS = YES;
				CLANG_WARN_DIRECT_OBJC_ISA_USAGE = YES_ERROR;
				CLANG_WARN_DOCUMENTATION_COMMENTS = YES;
				CLANG_WARN_EMPTY_BODY = YES;
				CLANG_WARN_ENUM_CONVERSION = YES;
				CLANG_WARN_INFINITE_RECURSION = YES;
				CLANG_WARN_INT_CONVERSION = YES;
				CLANG_WARN_NON_LITERAL_NULL_CONVERSION = YES;
				CLANG_WARN_OBJC_IMPLICIT_RETAIN_SELF = YES;
				CLANG_WARN_OBJC_LITERAL_CONVERSION = YES;
				CLANG_WARN_OBJC_ROOT_CLASS = YES_ERROR;
				CLANG_WARN_QUOTED_INCLUDE_IN_FRAMEWORK_HEADER = YES;
				CLANG_WARN_RANGE_LOOP_ANALYSIS = YES;
				CLANG_WARN_STRICT_PROTOTYPES = YES;
				CLANG_WARN_SUSPICIOUS_MOVE = YES;
				CLANG_WARN_UNGUARDED_AVAILABILITY = YES_AGGRESSIVE;
				CLANG_WARN_UNREACHABLE_CODE = YES;
				CLANG_WARN__DUPLICATE_METHOD_MATCH = YES;
				COPY_PHASE_STRIP = NO;
				DEBUG_INFORMATION_FORMAT = dwarf;
				DEVELOPMENT_TEAM = 8T59X95AG5;
				ENABLE_STRICT_OBJC_MSGSEND = YES;
				ENABLE_TESTABILITY = YES;
				ENABLE_USER_SCRIPT_SANDBOXING = YES;
				GCC_C_LANGUAGE_STANDARD = gnu17;
				GCC_DYNAMIC_NO_PIC = NO;
				GCC_NO_COMMON_BLOCKS = YES;
				GCC_OPTIMIZATION_LEVEL = 0;
				GCC_PREPROCESSOR_DEFINITIONS = (
					"DEBUG=1",
					"$(inherited)",
				);
				GCC_WARN_64_TO_32_BIT_CONVERSION = YES;
				GCC_WARN_ABOUT_RETURN_TYPE = YES_ERROR;
				GCC_WARN_UNDECLARED_SELECTOR = YES;
				GCC_WARN_UNINITIALIZED_AUTOS = YES_AGGRESSIVE;
				GCC_WARN_UNUSED_FUNCTION = YES;
				GCC_WARN_UNUSED_VARIABLE = YES;
				LOCALIZATION_PREFERS_STRING_CATALOGS = YES;
				MACOSX_DEPLOYMENT_TARGET = 15.7;
				MTL_ENABLE_DEBUG_INFO = INCLUDE_SOURCE;
				MTL_FAST_MATH = YES;
				ONLY_ACTIVE_ARCH = YES;
				SDKROOT = macosx;
				SWIFT_ACTIVE_COMPILATION_CONDITIONS = "DEBUG $(inherited)";
				SWIFT_OPTIMIZATION_LEVEL = "-Onone";
			};
			name = Debug;
		};
		5F02DD133020DAA3009E61DC /* Release */ = {
			isa = XCBuildConfiguration;
			buildSettings = {
				ALWAYS_SEARCH_USER_PATHS = NO;
				ASSETCATALOG_COMPILER_GENERATE_SWIFT_ASSET_SYMBOL_EXTENSIONS = YES;
				CLANG_ANALYZER_NONNULL = YES;
				CLANG_ANALYZER_NUMBER_OBJECT_CONVERSION = YES_AGGRESSIVE;
				CLANG_CXX_LANGUAGE_STANDARD = "gnu++20";
				CLANG_ENABLE_MODULES = YES;
				CLANG_ENABLE_OBJC_ARC = YES;
				CLANG_ENABLE_OBJC_WEAK = YES;
				CLANG_WARN_BLOCK_CAPTURE_AUTORELEASING = YES;
				CLANG_WARN_BOOL_CONVERSION = YES;
				CLANG_WARN_COMMA = YES;
				CLANG_WARN_CONSTANT_CONVERSION = YES;
				CLANG_WARN_DEPRECATED_OBJC_IMPLEMENTATIONS = YES;
				CLANG_WARN_DIRECT_OBJC_ISA_USAGE = YES_ERROR;
				CLANG_WARN_DOCUMENTATION_COMMENTS = YES;
				CLANG_WARN_EMPTY_BODY = YES;
				CLANG_WARN_ENUM_CONVERSION = YES;
				CLANG_WARN_INFINITE_RECURSION = YES;
				CLANG_WARN_INT_CONVERSION = YES;
				CLANG_WARN_NON_LITERAL_NULL_CONVERSION = YES;
				CLANG_WARN_OBJC_IMPLICIT_RETAIN_SELF = YES;
				CLANG_WARN_OBJC_LITERAL_CONVERSION = YES;
				CLANG_WARN_OBJC_ROOT_CLASS = YES_ERROR;
				CLANG_WARN_QUOTED_INCLUDE_IN_FRAMEWORK_HEADER = YES;
				CLANG_WARN_RANGE_LOOP_ANALYSIS = YES;
				CLANG_WARN_STRICT_PROTOTYPES = YES;
				CLANG_WARN_SUSPICIOUS_MOVE = YES;
				CLANG_WARN_UNGUARDED_AVAILABILITY = YES_AGGRESSIVE;
				CLANG_WARN_UNREACHABLE_CODE = YES;
				CLANG_WARN__DUPLICATE_METHOD_MATCH = YES;
				COPY_PHASE_STRIP = NO;
				DEBUG_INFORMATION_FORMAT = "dwarf-with-dsym";
				DEVELOPMENT_TEAM = 8T59X95AG5;
				ENABLE_NS_ASSERTIONS = NO;
				ENABLE_STRICT_OBJC_MSGSEND = YES;
				ENABLE_USER_SCRIPT_SANDBOXING = YES;
				GCC_C_LANGUAGE_STANDARD = gnu17;
				GCC_NO_COMMON_BLOCKS = YES;
				GCC_WARN_64_TO_32_BIT_CONVERSION = YES;
				GCC_WARN_ABOUT_RETURN_TYPE = YES_ERROR;
				GCC_WARN_UNDECLARED_SELECTOR = YES;
				GCC_WARN_UNINITIALIZED_AUTOS = YES_AGGRESSIVE;
				GCC_WARN_UNUSED_FUNCTION = YES;
				GCC_WARN_UNUSED_VARIABLE = YES;
				LOCALIZATION_PREFERS_STRING_CATALOGS = YES;
				MACOSX_DEPLOYMENT_TARGET = 15.7;
				MTL_ENABLE_DEBUG_INFO = NO;
				MTL_FAST_MATH = YES;
				SDKROOT = macosx;
				SWIFT_COMPILATION_MODE = wholemodule;
			};
			name = Release;
		};
		5F02DD153020DAA3009E61DC /* Debug */ = {
			isa = XCBuildConfiguration;
			buildSettings = {
				ASSETCATALOG_COMPILER_APPICON_NAME = AppIcon;
				ASSETCATALOG_COMPILER_GLOBAL_ACCENT_COLOR_NAME = AccentColor;
				CODE_SIGN_STYLE = Automatic;
				COMBINE_HIDPI_IMAGES = YES;
				CURRENT_PROJECT_VERSION = 1;
				DEVELOPMENT_TEAM = 8T59X95AG5;
				ENABLE_APP_SANDBOX = NO;
				ENABLE_HARDENED_RUNTIME = YES;
				ENABLE_PREVIEWS = YES;
				GENERATE_INFOPLIST_FILE = YES;
				INFOPLIST_KEY_LSApplicationCategoryType = "public.app-category.utilities";
				INFOPLIST_KEY_NSHumanReadableCopyright = "";
				LD_RUNPATH_SEARCH_PATHS = (
					"$(inherited)",
					"@executable_path/../Frameworks",
				);
				MARKETING_VERSION = 1.0;
				PRODUCT_BUNDLE_IDENTIFIER = com.shayanoh.SDM;
				PRODUCT_NAME = "$(TARGET_NAME)";
				REGISTER_APP_GROUPS = YES;
				STRING_CATALOG_GENERATE_SYMBOLS = YES;
				SWIFT_APPROACHABLE_CONCURRENCY = YES;
				SWIFT_DEFAULT_ACTOR_ISOLATION = MainActor;
				SWIFT_EMIT_LOC_STRINGS = YES;
				SWIFT_UPCOMING_FEATURE_MEMBER_IMPORT_VISIBILITY = YES;
				SWIFT_VERSION = 5.0;
			};
			name = Debug;
		};
		5F02DD163020DAA3009E61DC /* Release */ = {
			isa = XCBuildConfiguration;
			buildSettings = {
				ASSETCATALOG_COMPILER_APPICON_NAME = AppIcon;
				ASSETCATALOG_COMPILER_GLOBAL_ACCENT_COLOR_NAME = AccentColor;
				CODE_SIGN_STYLE = Automatic;
				COMBINE_HIDPI_IMAGES = YES;
				CURRENT_PROJECT_VERSION = 1;
				DEVELOPMENT_TEAM = 8T59X95AG5;
				ENABLE_APP_SANDBOX = NO;
				ENABLE_HARDENED_RUNTIME = YES;
				ENABLE_PREVIEWS = YES;
				GENERATE_INFOPLIST_FILE = YES;
				INFOPLIST_KEY_LSApplicationCategoryType = "public.app-category.utilities";
				INFOPLIST_KEY_NSHumanReadableCopyright = "";
				LD_RUNPATH_SEARCH_PATHS = (
					"$(inherited)",
					"@executable_path/../Frameworks",
				);
				MARKETING_VERSION = 1.0;
				PRODUCT_BUNDLE_IDENTIFIER = com.shayanoh.SDM;
				PRODUCT_NAME = "$(TARGET_NAME)";
				REGISTER_APP_GROUPS = YES;
				STRING_CATALOG_GENERATE_SYMBOLS = YES;
				SWIFT_APPROACHABLE_CONCURRENCY = YES;
				SWIFT_DEFAULT_ACTOR_ISOLATION = MainActor;
				SWIFT_EMIT_LOC_STRINGS = YES;
				SWIFT_UPCOMING_FEATURE_MEMBER_IMPORT_VISIBILITY = YES;
				SWIFT_VERSION = 5.0;
			};
			name = Release;
		};
		5F02DD183020DAA3009E61DC /* Debug */ = {
			isa = XCBuildConfiguration;
			buildSettings = {
				BUNDLE_LOADER = "$(TEST_HOST)";
				CODE_SIGN_STYLE = Automatic;
				CURRENT_PROJECT_VERSION = 1;
				DEVELOPMENT_TEAM = 8T59X95AG5;
				GENERATE_INFOPLIST_FILE = YES;
				MACOSX_DEPLOYMENT_TARGET = 15.7;
				MARKETING_VERSION = 1.0;
				PRODUCT_BUNDLE_IDENTIFIER = com.shayanoh.SDMTests;
				PRODUCT_NAME = "$(TARGET_NAME)";
				STRING_CATALOG_GENERATE_SYMBOLS = NO;
				SWIFT_APPROACHABLE_CONCURRENCY = YES;
				SWIFT_EMIT_LOC_STRINGS = NO;
				SWIFT_UPCOMING_FEATURE_MEMBER_IMPORT_VISIBILITY = YES;
				SWIFT_VERSION = 5.0;
				TEST_HOST = "$(BUILT_PRODUCTS_DIR)/SDM.app/$(BUNDLE_EXECUTABLE_FOLDER_PATH)/SDM";
			};
			name = Debug;
		};
		5F02DD193020DAA3009E61DC /* Release */ = {
			isa = XCBuildConfiguration;
			buildSettings = {
				BUNDLE_LOADER = "$(TEST_HOST)";
				CODE_SIGN_STYLE = Automatic;
				CURRENT_PROJECT_VERSION = 1;
				DEVELOPMENT_TEAM = 8T59X95AG5;
				GENERATE_INFOPLIST_FILE = YES;
				MACOSX_DEPLOYMENT_TARGET = 15.7;
				MARKETING_VERSION = 1.0;
				PRODUCT_BUNDLE_IDENTIFIER = com.shayanoh.SDMTests;
				PRODUCT_NAME = "$(TARGET_NAME)";
				STRING_CATALOG_GENERATE_SYMBOLS = NO;
				SWIFT_APPROACHABLE_CONCURRENCY = YES;
				SWIFT_EMIT_LOC_STRINGS = NO;
				SWIFT_UPCOMING_FEATURE_MEMBER_IMPORT_VISIBILITY = YES;
				SWIFT_VERSION = 5.0;
				TEST_HOST = "$(BUILT_PRODUCTS_DIR)/SDM.app/$(BUNDLE_EXECUTABLE_FOLDER_PATH)/SDM";
			};
			name = Release;
		};
		5F02DD1B3020DAA3009E61DC /* Debug */ = {
			isa = XCBuildConfiguration;
			buildSettings = {
				CODE_SIGN_STYLE = Automatic;
				CURRENT_PROJECT_VERSION = 1;
				DEVELOPMENT_TEAM = 8T59X95AG5;
				GENERATE_INFOPLIST_FILE = YES;
				MARKETING_VERSION = 1.0;
				PRODUCT_BUNDLE_IDENTIFIER = com.shayanoh.SDMUITests;
				PRODUCT_NAME = "$(TARGET_NAME)";
				STRING_CATALOG_GENERATE_SYMBOLS = NO;
				SWIFT_APPROACHABLE_CONCURRENCY = YES;
				SWIFT_EMIT_LOC_STRINGS = NO;
				SWIFT_UPCOMING_FEATURE_MEMBER_IMPORT_VISIBILITY = YES;
				SWIFT_VERSION = 5.0;
				TEST_TARGET_NAME = SDM;
			};
			name = Debug;
		};
		5F02DD1C3020DAA3009E61DC /* Release */ = {
			isa = XCBuildConfiguration;
			buildSettings = {
				CODE_SIGN_STYLE = Automatic;
				CURRENT_PROJECT_VERSION = 1;
				DEVELOPMENT_TEAM = 8T59X95AG5;
				GENERATE_INFOPLIST_FILE = YES;
				MARKETING_VERSION = 1.0;
				PRODUCT_BUNDLE_IDENTIFIER = com.shayanoh.SDMUITests;
				PRODUCT_NAME = "$(TARGET_NAME)";
				STRING_CATALOG_GENERATE_SYMBOLS = NO;
				SWIFT_APPROACHABLE_CONCURRENCY = YES;
				SWIFT_EMIT_LOC_STRINGS = NO;
				SWIFT_UPCOMING_FEATURE_MEMBER_IMPORT_VISIBILITY = YES;
				SWIFT_VERSION = 5.0;
				TEST_TARGET_NAME = SDM;
			};
			name = Release;
		};
/* End XCBuildConfiguration section */

/* Begin XCConfigurationList section */
		5F02DCEC3020DAA0009E61DC /* Build configuration list for PBXProject "SDM" */ = {
			isa = XCConfigurationList;
			buildConfigurations = (
				5F02DD123020DAA3009E61DC /* Debug */,
				5F02DD133020DAA3009E61DC /* Release */,
			);
			defaultConfigurationIsVisible = 0;
			defaultConfigurationName = Release;
		};
		5F02DD143020DAA3009E61DC /* Build configuration list for PBXNativeTarget "SDM" */ = {
			isa = XCConfigurationList;
			buildConfigurations = (
				5F02DD153020DAA3009E61DC /* Debug */,
				5F02DD163020DAA3009E61DC /* Release */,
			);
			defaultConfigurationIsVisible = 0;
			defaultConfigurationName = Release;
		};
		5F02DD173020DAA3009E61DC /* Build configuration list for PBXNativeTarget "SDMTests" */ = {
			isa = XCConfigurationList;
			buildConfigurations = (
				5F02DD183020DAA3009E61DC /* Debug */,
				5F02DD193020DAA3009E61DC /* Release */,
			);
			defaultConfigurationIsVisible = 0;
			defaultConfigurationName = Release;
		};
		5F02DD1A3020DAA3009E61DC /* Build configuration list for PBXNativeTarget "SDMUITests" */ = {
			isa = XCConfigurationList;
			buildConfigurations = (
				5F02DD1B3020DAA3009E61DC /* Debug */,
				5F02DD1C3020DAA3009E61DC /* Release */,
			);
			defaultConfigurationIsVisible = 0;
			defaultConfigurationName = Release;
		};
/* End XCConfigurationList section */

/* Begin XCLocalSwiftPackageReference section */
		5FAA0001A0B0C0D0E0F00001 /* XCLocalSwiftPackageReference "SDMKit" */ = {
			isa = XCLocalSwiftPackageReference;
			relativePath = SDMKit;
		};
/* End XCLocalSwiftPackageReference section */

/* Begin XCSwiftPackageProductDependency section */
		5FAA0002A0B0C0D0E0F00002 /* SDMCore */ = {
			isa = XCSwiftPackageProductDependency;
			productName = SDMCore;
		};
		5FAA0003A0B0C0D0E0F00003 /* SDMEngine */ = {
			isa = XCSwiftPackageProductDependency;
			productName = SDMEngine;
		};
/* End XCSwiftPackageProductDependency section */
	};
	rootObject = 5F02DCE93020DAA0009E61DC /* Project object */;
}
